// !$*UTF8*$!
{
	archiveVersion = 1;
	classes = {
	};
	objectVersion = 50;
	objects = {

/* Begin PBXBuildFile section */
		41CAA20D225E189D00188189 /* AppDelegate.swift in Sources */ = {isa = PBXBuildFile; fileRef = 41CAA20C225E189D00188189 /* AppDelegate.swift */; };
		41CAA20F225E189D00188189 /* ViewController.swift in Sources */ = {isa = PBXBuildFile; fileRef = 41CAA20E225E189D00188189 /* ViewController.swift */; };
		41CAA212225E189D00188189 /* Main.storyboard in Resources */ = {isa = PBXBuildFile; fileRef = 41CAA210225E189D00188189 /* Main.storyboard */; };
		41CAA214225E189F00188189 /* Assets.xcassets in Resources */ = {isa = PBXBuildFile; fileRef = 41CAA213225E189F00188189 /* Assets.xcassets */; };
		41CAA217225E189F00188189 /* LaunchScreen.storyboard in Resources */ = {isa = PBXBuildFile; fileRef = 41CAA215225E189F00188189 /* LaunchScreen.storyboard */; };
		41CAA21F225E18DD00188189 /* PlayingCard.swift in Sources */ = {isa = PBXBuildFile; fileRef = 41CAA21E225E18DD00188189 /* PlayingCard.swift */; };
		41CAA223225E1BE700188189 /* PlayingDeck.swift in Sources */ = {isa = PBXBuildFile; fileRef = 41CAA222225E1BE700188189 /* PlayingDeck.swift */; };
		41CAA225225E1CB300188189 /* Int+Random.swift in Sources */ = {isa = PBXBuildFile; fileRef = 41CAA224225E1CB300188189 /* Int+Random.swift */; };
		41CAA22822674D9600188189 /* PlayingCardView.swift in Sources */ = {isa = PBXBuildFile; fileRef = 41CAA22722674D9600188189 /* PlayingCardView.swift */; };
/* End PBXBuildFile section */

/* Begin PBXFileReference section */
		41CAA209225E189D00188189 /* CardDeck.app */ = {isa = PBXFileReference; explicitFileType = wrapper.application; includeInIndex = 0; path = CardDeck.app; sourceTree = BUILT_PRODUCTS_DIR; };
		41CAA20C225E189D00188189 /* AppDelegate.swift */ = {isa = PBXFileReference; lastKnownFileType = sourcecode.swift; path = AppDelegate.swift; sourceTree = "<group>"; };
		41CAA20E225E189D00188189 /* ViewController.swift */ = {isa = PBXFileReference; lastKnownFileType = sourcecode.swift; path = ViewController.swift; sourceTree = "<group>"; };
		41CAA211225E189D00188189 /* Base */ = {isa = PBXFileReference; lastKnownFileType = file.storyboard; name = Base; path = Base.lproj/Main.storyboard; sourceTree = "<group>"; };
		41CAA213225E189F00188189 /* Assets.xcassets */ = {isa = PBXFileReference; lastKnownFileType = folder.assetcatalog; path = Assets.xcassets; sourceTree = "<group>"; };
		41CAA216225E189F00188189 /* Base */ = {isa = PBXFileReference; lastKnownFileType = file.storyboard; name = Base; path = Base.lproj/LaunchScreen.storyboard; sourceTree = "<group>"; };
		41CAA218225E189F00188189 /* Info.plist */ = {isa = PBXFileReference; lastKnownFileType = text.plist.xml; path = Info.plist; sourceTree = "<group>"; };
		41CAA21E225E18DD00188189 /* PlayingCard.swift */ = {isa = PBXFileReference; lastKnownFileType = sourcecode.swift; path = PlayingCard.swift; sourceTree = "<group>"; };
		41CAA222225E1BE700188189 /* PlayingDeck.swift */ = {isa = PBXFileReference; lastKnownFileType = sourcecode.swift; path = PlayingDeck.swift; sourceTree = "<group>"; };
		41CAA224225E1CB300188189 /* Int+Random.swift */ = {isa = PBXFileReference; fileEncoding = 4; lastKnownFileType = sourcecode.swift; path = "Int+Random.swift"; sourceTree = "<group>"; };
		41CAA22722674D9600188189 /* PlayingCardView.swift */ = {isa = PBXFileReference; lastKnownFileType = sourcecode.swift; path = PlayingCardView.swift; sourceTree = "<group>"; };
/* End PBXFileReference section */

/* Begin PBXFrameworksBuildPhase section */
		41CAA206225E189D00188189 /* Frameworks */ = {
			isa = PBXFrameworksBuildPhase;
			buildActionMask = 2147483647;
			files = (
			);
			runOnlyForDeploymentPostprocessing = 0;
		};
/* End PBXFrameworksBuildPhase section */

/* Begin PBXGroup section */
		41CAA200225E189D00188189 = {
			isa = PBXGroup;
			children = (
				41CAA20B225E189D00188189 /* CardDeck */,
				41CAA220225E18E300188189 /* SupportingFiles */,
				41CAA20A225E189D00188189 /* Products */,
			);
			sourceTree = "<group>";
		};
		41CAA20A225E189D00188189 /* Products */ = {
			isa = PBXGroup;
			children = (
				41CAA209225E189D00188189 /* CardDeck.app */,
			);
			name = Products;
			sourceTree = "<group>";
		};
		41CAA20B225E189D00188189 /* CardDeck */ = {
			isa = PBXGroup;
			children = (
				41CAA22922674DAF00188189 /* Views */,
				41CAA226225E32C200188189 /* Extensions */,
				41CAA221225E1BCF00188189 /* Models */,
				41CAA20E225E189D00188189 /* ViewController.swift */,
				41CAA210225E189D00188189 /* Main.storyboard */,
				41CAA218225E189F00188189 /* Info.plist */,
			);
			path = CardDeck;
			sourceTree = "<group>";
		};
		41CAA220225E18E300188189 /* SupportingFiles */ = {
			isa = PBXGroup;
			children = (
				41CAA213225E189F00188189 /* Assets.xcassets */,
				41CAA215225E189F00188189 /* LaunchScreen.storyboard */,
				41CAA20C225E189D00188189 /* AppDelegate.swift */,
			);
			path = SupportingFiles;
			sourceTree = "<group>";
		};
		41CAA221225E1BCF00188189 /* Models */ = {
			isa = PBXGroup;
			children = (
				41CAA21E225E18DD00188189 /* PlayingCard.swift */,
				41CAA222225E1BE700188189 /* PlayingDeck.swift */,
			);
			path = Models;
			sourceTree = "<group>";
		};
		41CAA226225E32C200188189 /* Extensions */ = {
			isa = PBXGroup;
			children = (
				41CAA224225E1CB300188189 /* Int+Random.swift */,
			);
			path = Extensions;
			sourceTree = "<group>";
		};
		41CAA22922674DAF00188189 /* Views */ = {
			isa = PBXGroup;
			children = (
				41CAA22722674D9600188189 /* PlayingCardView.swift */,
			);
			path = Views;
			sourceTree = "<group>";
		};
/* End PBXGroup section */

/* Begin PBXNativeTarget section */
		41CAA208225E189D00188189 /* CardDeck */ = {
			isa = PBXNativeTarget;
			buildConfigurationList = 41CAA21B225E189F00188189 /* Build configuration list for PBXNativeTarget "CardDeck" */;
			buildPhases = (
				41CAA205225E189D00188189 /* Sources */,
				41CAA206225E189D00188189 /* Frameworks */,
				41CAA207225E189D00188189 /* Resources */,
			);
			buildRules = (
			);
			dependencies = (
			);
			name = CardDeck;
			productName = CardDeck;
			productReference = 41CAA209225E189D00188189 /* CardDeck.app */;
			productType = "com.apple.product-type.application";
		};
/* End PBXNativeTarget section */

/* Begin PBXProject section */
		41CAA201225E189D00188189 /* Project object */ = {
			isa = PBXProject;
			attributes = {
				LastSwiftUpdateCheck = 1010;
				LastUpgradeCheck = 1010;
				ORGANIZATIONNAME = asu;
				TargetAttributes = {
					41CAA208225E189D00188189 = {
						CreatedOnToolsVersion = 10.1;
					};
				};
			};
			buildConfigurationList = 41CAA204225E189D00188189 /* Build configuration list for PBXProject "CardDeck" */;
			compatibilityVersion = "Xcode 9.3";
			developmentRegion = en;
			hasScannedForEncodings = 0;
			knownRegions = (
				en,
				Base,
			);
			mainGroup = 41CAA200225E189D00188189;
			productRefGroup = 41CAA20A225E189D00188189 /* Products */;
			projectDirPath = "";
			projectRoot = "";
			targets = (
				41CAA208225E189D00188189 /* CardDeck */,
			);
		};
/* End PBXProject section */

/* Begin PBXResourcesBuildPhase section */
		41CAA207225E189D00188189 /* Resources */ = {
			isa = PBXResourcesBuildPhase;
			buildActionMask = 2147483647;
			files = (
				41CAA217225E189F00188189 /* LaunchScreen.storyboard in Resources */,
				41CAA214225E189F00188189 /* Assets.xcassets in Resources */,
				41CAA212225E189D00188189 /* Main.storyboard in Resources */,
			);
			runOnlyForDeploymentPostprocessing = 0;
		};
/* End PBXResourcesBuildPhase section */

/* Begin PBXSourcesBuildPhase section */
		41CAA205225E189D00188189 /* Sources */ = {
			isa = PBXSourcesBuildPhase;
			buildActionMask = 2147483647;
			files = (
				41CAA20F225E189D00188189 /* ViewController.swift in Sources */,
				41CAA22822674D9600188189 /* PlayingCardView.swift in Sources */,
				41CAA21F225E18DD00188189 /* PlayingCard.swift in Sources */,
				41CAA225225E1CB300188189 /* Int+Random.swift in Sources */,
				41CAA20D225E189D00188189 /* AppDelegate.swift in Sources */,
				41CAA223225E1BE700188189 /* PlayingDeck.swift in Sources */,
			);
			runOnlyForDeploymentPostprocessing = 0;
		};
/* End PBXSourcesBuildPhase section */

/* Begin PBXVariantGroup section */
		41CAA210225E189D00188189 /* Main.storyboard */ = {
			isa = PBXVariantGroup;
			children = (
				41CAA211225E189D00188189 /* Base */,
			);
			name = Main.storyboard;
			sourceTree = "<group>";
		};
		41CAA215225E189F00188189 /* LaunchScreen.storyboard */ = {
			isa = PBXVariantGroup;
			children = (
				41CAA216225E189F00188189 /* Base */,
			);
			name = LaunchScreen.storyboard;
			sourceTree = "<group>";
		};
/* End PBXVariantGroup section */

/* Begin XCBuildConfiguration section */
		41CAA219225E189F00188189 /* Debug */ = {
			isa = XCBuildConfiguration;
			buildSettings = {
				ALWAYS_SEARCH_USER_PATHS = NO;
				CLANG_ANALYZER_NONNULL = YES;
				CLANG_ANALYZER_NUMBER_OBJECT_CONVERSION = YES_AGGRESSIVE;
				CLANG_CXX_LANGUAGE_STANDARD = "gnu++14";
				CLANG_CXX_LIBRARY = "libc++";
				CLANG_ENABLE_MODULES = YES;
				CLANG_ENABLE_OBJC_ARC = YES;
				CLANG_ENABLE_OBJC_WEAK = YES;
				CLANG_WARN_BLOCK_CAPTURE_AUTORELEASING = YES;
				CLANG_WARN_BOOL_CONVERSION = YES;
				CLANG_WARN_COMMA = YES;
				CLANG_WARN_CONSTANT_CONVERSION = YES;
				CLANG_WARN_DEPRECATED_OBJC_IMPLEMENTATIONS = YES;
				CLANG_WARN_DIRECT_OBJC_ISA_USAGE = YES_ERROR;
				CLANG_WARN_DOCUMENTATION_COMMENTS = YES;
				CLANG_WARN_EMPTY_BODY = YES;
				CLANG_WARN_ENUM_CONVERSION = YES;
				CLANG_WARN_INFINITE_RECURSION = YES;
				CLANG_WARN_INT_CONVERSION = YES;
				CLANG_WARN_NON_LITERAL_NULL_CONVERSION = YES;
				CLANG_WARN_OBJC_IMPLICIT_RETAIN_SELF = YES;
				CLANG_WARN_OBJC_LITERAL_CONVERSION = YES;
				CLANG_WARN_OBJC_ROOT_CLASS = YES_ERROR;
				CLANG_WARN_RANGE_LOOP_ANALYSIS = YES;
				CLANG_WARN_STRICT_PROTOTYPES = YES;
				CLANG_WARN_SUSPICIOUS_MOVE = YES;
				CLANG_WARN_UNGUARDED_AVAILABILITY = YES_AGGRESSIVE;
				CLANG_WARN_UNREACHABLE_CODE = YES;
				CLANG_WARN__DUPLICATE_METHOD_MATCH = YES;
				CODE_SIGN_IDENTITY = "iPhone Developer";
				COPY_PHASE_STRIP = NO;
				DEBUG_INFORMATION_FORMAT = dwarf;
				ENABLE_STRICT_OBJC_MSGSEND = YES;
				ENABLE_TESTABILITY = YES;
				GCC_C_LANGUAGE_STANDARD = gnu11;
				GCC_DYNAMIC_NO_PIC = NO;
				GCC_NO_COMMON_BLOCKS = YES;
				GCC_OPTIMIZATION_LEVEL = 0;
				GCC_PREPROCESSOR_DEFINITIONS = (
					"DEBUG=1",
					"$(inherited)",
				);
				GCC_WARN_64_TO_32_BIT_CONVERSION = YES;
				GCC_WARN_ABOUT_RETURN_TYPE = YES_ERROR;
				GCC_WARN_UNDECLARED_SELECTOR = YES;
				GCC_WARN_UNINITIALIZED_AUTOS = YES_AGGRESSIVE;
				GCC_WARN_UNUSED_FUNCTION = YES;
				GCC_WARN_UNUSED_VARIABLE = YES;
				IPHONEOS_DEPLOYMENT_TARGET = 12.1;
				MTL_ENABLE_DEBUG_INFO = INCLUDE_SOURCE;
				MTL_FAST_MATH = YES;
				ONLY_ACTIVE_ARCH = YES;
				SDKROOT = iphoneos;
				SWIFT_ACTIVE_COMPILATION_CONDITIONS = DEBUG;
				SWIFT_OPTIMIZATION_LEVEL = "-Onone";
			};
			name = Debug;
		};
		41CAA21A225E189F00188189 /* Release */ = {
			isa = XCBuildConfiguration;
			buildSettings = {
				ALWAYS_SEARCH_USER_PATHS = NO;
				CLANG_ANALYZER_NONNULL = YES;
				CLANG_ANALYZER_NUMBER_OBJECT_CONVERSION = YES_AGGRESSIVE;
				CLANG_CXX_LANGUAGE_STANDARD = "gnu++14";
				CLANG_CXX_LIBRARY = "libc++";
				CLANG_ENABLE_MODULES = YES;
				CLANG_ENABLE_OBJC_ARC = YES;
				CLANG_ENABLE_OBJC_WEAK = YES;
				CLANG_WARN_BLOCK_CAPTURE_AUTORELEASING = YES;
				CLANG_WARN_BOOL_CONVERSION = YES;
				CLANG_WARN_COMMA = YES;
				CLANG_WARN_CONSTANT_CONVERSION = YES;
				CLANG_WARN_DEPRECATED_OBJC_IMPLEMENTATIONS = YES;
				CLANG_WARN_DIRECT_OBJC_ISA_USAGE = YES_ERROR;
				CLANG_WARN_DOCUMENTATION_COMMENTS = YES;
				CLANG_WARN_EMPTY_BODY = YES;
				CLANG_WARN_ENUM_CONVERSION = YES;
				CLANG_WARN_INFINITE_RECURSION = YES;
				CLANG_WARN_INT_CONVERSION = YES;
				CLANG_WARN_NON_LITERAL_NULL_CONVERSION = YES;
				CLANG_WARN_OBJC_IMPLICIT_RETAIN_SELF = YES;
				CLANG_WARN_OBJC_LITERAL_CONVERSION = YES;
				CLANG_WARN_OBJC_ROOT_CLASS = YES_ERROR;
				CLANG_WARN_RANGE_LOOP_ANALYSIS = YES;
				CLANG_WARN_STRICT_PROTOTYPES = YES;
				CLANG_WARN_SUSPICIOUS_MOVE = YES;
				CLANG_WARN_UNGUARDED_AVAILABILITY = YES_AGGRESSIVE;
				CLANG_WARN_UNREACHABLE_CODE = YES;
				CLANG_WARN__DUPLICATE_METHOD_MATCH = YES;
				CODE_SIGN_IDENTITY = "iPhone Developer";
				COPY_PHASE_STRIP = NO;
				DEBUG_INFORMATION_FORMAT = "dwarf-with-dsym";
				ENABLE_NS_ASSERTIONS = NO;
				ENABLE_STRICT_OBJC_MSGSEND = YES;
				GCC_C_LANGUAGE_STANDARD = gnu11;
				GCC_NO_COMMON_BLOCKS = YES;
				GCC_WARN_64_TO_32_BIT_CONVERSION = YES;
				GCC_WARN_ABOUT_RETURN_TYPE = YES_ERROR;
				GCC_WARN_UNDECLARED_SELECTOR = YES;
				GCC_WARN_UNINITIALIZED_AUTOS = YES_AGGRESSIVE;
				GCC_WARN_UNUSED_FUNCTION = YES;
				GCC_WARN_UNUSED_VARIABLE = YES;
				IPHONEOS_DEPLOYMENT_TARGET = 12.1;
				MTL_ENABLE_DEBUG_INFO = NO;
				MTL_FAST_MATH = YES;
				SDKROOT = iphoneos;
				SWIFT_COMPILATION_MODE = wholemodule;
				SWIFT_OPTIMIZATION_LEVEL = "-O";
				VALIDATE_PRODUCT = YES;
			};
			name = Release;
		};
		41CAA21C225E189F00188189 /* Debug */ = {
			isa = XCBuildConfiguration;
			buildSettings = {
				ASSETCATALOG_COMPILER_APPICON_NAME = AppIcon;
				CODE_SIGN_STYLE = Automatic;
				DEVELOPMENT_TEAM = 35WX7RQ5M8;
				INFOPLIST_FILE = CardDeck/Info.plist;
				LD_RUNPATH_SEARCH_PATHS = (
					"$(inherited)",
					"@executable_path/Frameworks",
				);
				PRODUCT_BUNDLE_IDENTIFIER = ru.asu.CardDeck;
				PRODUCT_NAME = "$(TARGET_NAME)";
				SWIFT_VERSION = 4.2;
				TARGETED_DEVICE_FAMILY = "1,2";
			};
			name = Debug;
		};
		41CAA21D225E189F00188189 /* Release */ = {
			isa = XCBuildConfiguration;
			buildSettings = {
				ASSETCATALOG_COMPILER_APPICON_NAME = AppIcon;
				CODE_SIGN_STYLE = Automatic;
				DEVELOPMENT_TEAM = 35WX7RQ5M8;
				INFOPLIST_FILE = CardDeck/Info.plist;
				LD_RUNPATH_SEARCH_PATHS = (
					"$(inherited)",
					"@executable_path/Frameworks",
				);
				PRODUCT_BUNDLE_IDENTIFIER = ru.asu.CardDeck;
				PRODUCT_NAME = "$(TARGET_NAME)";
				SWIFT_VERSION = 4.2;
				TARGETED_DEVICE_FAMILY = "1,2";
			};
			name = Release;
		};
/* End XCBuildConfiguration section */

/* Begin XCConfigurationList section */
		41CAA204225E189D00188189 /* Build configuration list for PBXProject "CardDeck" */ = {
			isa = XCConfigurationList;
			buildConfigurations = (
				41CAA219225E189F00188189 /* Debug */,
				41CAA21A225E189F00188189 /* Release */,
			);
			defaultConfigurationIsVisible = 0;
			defaultConfigurationName = Release;
		};
		41CAA21B225E189F00188189 /* Build configuration list for PBXNativeTarget "CardDeck" */ = {
			isa = XCConfigurationList;
			buildConfigurations = (
				41CAA21C225E189F00188189 /* Debug */,
				41CAA21D225E189F00188189 /* Release */,
			);
			defaultConfigurationIsVisible = 0;
			defaultConfigurationName = Release;
		};
/* End XCConfigurationList section */
	};
	rootObject = 41CAA201225E189D00188189 /* Project object */;
}
